
Microsoft Visual Studio Solution File, Format Version 12.00
# Visual Studio 14
VisualStudioVersion = 14.0.25420.1
MinimumVisualStudioVersion = 10.0.40219.1
Project("{FAE04EC0-301F-11D3-BF4B-00C04F79EFBC}") = "OrcBotPswdUpdate_Prod", "OrcBotPswdUpdate\OrcBotPswdUpdate_Prod.csproj", "{807DEEB5-3080-430E-9D68-20D52DB7C36B}"
EndProject
Global
	GlobalSection(SolutionConfigurationPlatforms) = preSolution
		Debug|Any CPU = Debug|Any CPU
		Release|Any CPU = Release|Any CPU
	EndGlobalSection
	GlobalSection(ProjectConfigurationPlatforms) = postSolution
		{807DEEB5-3080-430E-9D68-20D52DB7C36B}.Debug|Any CPU.ActiveCfg = Debug|Any CPU
		{807DEEB5-3080-430E-9D68-20D52DB7C36B}.Debug|Any CPU.Build.0 = Debug|Any CPU
		{807DEEB5-3080-430E-9D68-20D52DB7C36B}.Release|Any CPU.ActiveCfg = Release|Any CPU
		{807DEEB5-3080-430E-9D68-20D52DB7C36B}.Release|Any CPU.Build.0 = Release|Any CPU
	EndGlobalSection
	GlobalSection(SolutionProperties) = preSolution
		HideSolutionNode = FALSE
	EndGlobalSection
	GlobalSection(ExtensibilityGlobals) = postSolution
		SolutionGuid = {2F264717-EF64-4581-9CCE-870F08E9EC6F}
	EndGlobalSection
EndGlobal
